{
  "nodes": {
    "disko": {
      "inputs": {
        "nixpkgs": [
          "nixpkgs"
        ]
      },
      "locked": {
        "lastModified": 1730135292,
        "narHash": "sha256-CI27qHAbc3/tIe8sb37kiHNaeCqGxNimckCMj0lW5kg=",
        "owner": "nix-community",
        "repo": "disko",
        "rev": "ab58501b2341bc5e0fc88f2f5983a679b075ddf5",
        "type": "github"
      },
      "original": {
        "owner": "nix-community",
        "ref": "latest",
        "repo": "disko",
        "type": "github"
      }
    },
    "flake-utils": {
      "inputs": {
        "systems": "systems"
      },
      "locked": {
        "lastModified": 1726560853,
        "narHash": "sha256-X6rJYSESBVr3hBoH0WbKE5KvhPU5bloyZ2L4K60/fPQ=",
        "owner": "numtide",
        "repo": "flake-utils",
        "rev": "c1dfcf08411b08f6b8615f7d8971a2bfa81d5e8a",
        "type": "github"
      },
      "original": {
        "owner": "numtide",
        "repo": "flake-utils",
        "type": "github"
      }
    },
    "nix-hardware": {
      "locked": {
        "lastModified": 1729333370,
        "narHash": "sha256-NU+tYe3QWzDNpB8RagpqR3hNQXn4BNuBd7ZGosMHLL8=",
        "owner": "NixOS",
        "repo": "nixos-hardware",
        "rev": "38279034170b1e2929b2be33bdaedbf14a57bfeb",
        "type": "github"
      },
      "original": {
        "owner": "NixOS",
        "repo": "nixos-hardware",
        "type": "github"
      }
    },
    "nixpkgs": {
      "locked": {
        "lastModified": 1729181673,
        "narHash": "sha256-LDiPhQ3l+fBjRATNtnuDZsBS7hqoBtPkKBkhpoBHv3I=",
        "owner": "NixOS",
        "repo": "nixpkgs",
        "rev": "4eb33fe664af7b41a4c446f87d20c9a0a6321fa3",
        "type": "github"
      },
      "original": {
        "owner": "NixOS",
        "ref": "nixos-24.05",
        "repo": "nixpkgs",
        "type": "github"
      }
    },
    "root": {
      "inputs": {
        "disko": "disko",
        "flake-utils": "flake-utils",
        "nix-hardware": "nix-hardware",
        "nixpkgs": "nixpkgs"
      }
    },
    "systems": {
      "locked": {
        "lastModified": 1681028828,
        "narHash": "sha256-Vy1rq5AaRuLzOxct8nz4T6wlgyUR7zLU309k9mBC768=",
        "owner": "nix-systems",
        "repo": "default",
        "rev": "da67096a3b9bf56a91d16901293e51ba5b49a27e",
        "type": "github"
      },
      "original": {
        "owner": "nix-systems",
        "repo": "default",
        "type": "github"
      }
    }
  },
  "root": "root",
  "version": 7
}
